// !$*UTF8*$!
{
	archiveVersion = 1;
	classes = {
	};
	objectVersion = 56;
	objects = {

/* Begin PBXBuildFile section */
		54895D542D8EA00000799441 /* NewsAppApp.swift in Sources */ = {isa = PBXBuildFile; fileRef = 54895D532D8EA00000799441 /* NewsAppApp.swift */; };
		54895D562D8EA00000799441 /* ContentView.swift in Sources */ = {isa = PBXBuildFile; fileRef = 54895D552D8EA00000799441 /* ContentView.swift */; };
		54895D582D8EA00200799441 /* Assets.xcassets in Resources */ = {isa = PBXBuildFile; fileRef = 54895D572D8EA00200799441 /* Assets.xcassets */; };
		54895D5B2D8EA00200799441 /* Preview Assets.xcassets in Resources */ = {isa = PBXBuildFile; fileRef = 54895D5A2D8EA00200799441 /* Preview Assets.xcassets */; };
		54895D652D8EA00200799441 /* NewsAppTests.swift in Sources */ = {isa = PBXBuildFile; fileRef = 54895D642D8EA00200799441 /* NewsAppTests.swift */; };
		54895D6F2D8EA00200799441 /* NewsAppUITests.swift in Sources */ = {isa = PBXBuildFile; fileRef = 54895D6E2D8EA00200799441 /* NewsAppUITests.swift */; };
		54895D712D8EA00200799441 /* NewsAppUITestsLaunchTests.swift in Sources */ = {isa = PBXBuildFile; fileRef = 54895D702D8EA00200799441 /* NewsAppUITestsLaunchTests.swift */; };
		54895D7F2D8EA3AE00799441 /* Articles.swift in Sources */ = {isa = PBXBuildFile; fileRef = 54895D7E2D8EA3AE00799441 /* Articles.swift */; };
		54895D812D8EA3CB00799441 /* ArticleResponse.swift in Sources */ = {isa = PBXBuildFile; fileRef = 54895D802D8EA3CB00799441 /* ArticleResponse.swift */; };
		54895D842D8EA5D300799441 /* APIClient.swift in Sources */ = {isa = PBXBuildFile; fileRef = 54895D832D8EA5D300799441 /* APIClient.swift */; };
		54895D862D8EA5E600799441 /* EndPoints.swift in Sources */ = {isa = PBXBuildFile; fileRef = 54895D852D8EA5E600799441 /* EndPoints.swift */; };
		54895D882D8EA60A00799441 /* NewsAPIService.swift in Sources */ = {isa = PBXBuildFile; fileRef = 54895D872D8EA60A00799441 /* NewsAPIService.swift */; };
		54895D8B2D8EA64E00799441 /* ImageLoader.swift in Sources */ = {isa = PBXBuildFile; fileRef = 54895D8A2D8EA64E00799441 /* ImageLoader.swift */; };
		54895D8E2D8EA67F00799441 /* NewsListView.swift in Sources */ = {isa = PBXBuildFile; fileRef = 54895D8D2D8EA67F00799441 /* NewsListView.swift */; };
		54895D912D8EA6BA00799441 /* NewsListViewModel.swift in Sources */ = {isa = PBXBuildFile; fileRef = 54895D902D8EA6BA00799441 /* NewsListViewModel.swift */; };
		54895D932D8EA6D900799441 /* NewsCell.swift in Sources */ = {isa = PBXBuildFile; fileRef = 54895D922D8EA6D900799441 /* NewsCell.swift */; };
		54895D952D8EA6F200799441 /* ArticleDetailView.swift in Sources */ = {isa = PBXBuildFile; fileRef = 54895D942D8EA6F200799441 /* ArticleDetailView.swift */; };
		54895D972D8EA70D00799441 /* ArticleDetailViewModel.swift in Sources */ = {isa = PBXBuildFile; fileRef = 54895D962D8EA70D00799441 /* ArticleDetailViewModel.swift */; };
/* End PBXBuildFile section */

/* Begin PBXContainerItemProxy section */
		54895D612D8EA00200799441 /* PBXContainerItemProxy */ = {
			isa = PBXContainerItemProxy;
			containerPortal = 54895D482D8EA00000799441 /* Project object */;
			proxyType = 1;
			remoteGlobalIDString = 54895D4F2D8EA00000799441;
			remoteInfo = NewsApp;
		};
		54895D6B2D8EA00200799441 /* PBXContainerItemProxy */ = {
			isa = PBXContainerItemProxy;
			containerPortal = 54895D482D8EA00000799441 /* Project object */;
			proxyType = 1;
			remoteGlobalIDString = 54895D4F2D8EA00000799441;
			remoteInfo = NewsApp;
		};
/* End PBXContainerItemProxy section */

/* Begin PBXFileReference section */
		54895D502D8EA00000799441 /* NewsApp.app */ = {isa = PBXFileReference; explicitFileType = wrapper.application; includeInIndex = 0; path = NewsApp.app; sourceTree = BUILT_PRODUCTS_DIR; };
		54895D532D8EA00000799441 /* NewsAppApp.swift */ = {isa = PBXFileReference; lastKnownFileType = sourcecode.swift; path = NewsAppApp.swift; sourceTree = "<group>"; };
		54895D552D8EA00000799441 /* ContentView.swift */ = {isa = PBXFileReference; lastKnownFileType = sourcecode.swift; path = ContentView.swift; sourceTree = "<group>"; };
		54895D572D8EA00200799441 /* Assets.xcassets */ = {isa = PBXFileReference; lastKnownFileType = folder.assetcatalog; path = Assets.xcassets; sourceTree = "<group>"; };
		54895D5A2D8EA00200799441 /* Preview Assets.xcassets */ = {isa = PBXFileReference; lastKnownFileType = folder.assetcatalog; path = "Preview Assets.xcassets"; sourceTree = "<group>"; };
		54895D602D8EA00200799441 /* NewsAppTests.xctest */ = {isa = PBXFileReference; explicitFileType = wrapper.cfbundle; includeInIndex = 0; path = NewsAppTests.xctest; sourceTree = BUILT_PRODUCTS_DIR; };
		54895D642D8EA00200799441 /* NewsAppTests.swift */ = {isa = PBXFileReference; lastKnownFileType = sourcecode.swift; path = NewsAppTests.swift; sourceTree = "<group>"; };
		54895D6A2D8EA00200799441 /* NewsAppUITests.xctest */ = {isa = PBXFileReference; explicitFileType = wrapper.cfbundle; includeInIndex = 0; path = NewsAppUITests.xctest; sourceTree = BUILT_PRODUCTS_DIR; };
		54895D6E2D8EA00200799441 /* NewsAppUITests.swift */ = {isa = PBXFileReference; lastKnownFileType = sourcecode.swift; path = NewsAppUITests.swift; sourceTree = "<group>"; };
		54895D702D8EA00200799441 /* NewsAppUITestsLaunchTests.swift */ = {isa = PBXFileReference; lastKnownFileType = sourcecode.swift; path = NewsAppUITestsLaunchTests.swift; sourceTree = "<group>"; };
		54895D7E2D8EA3AE00799441 /* Articles.swift */ = {isa = PBXFileReference; lastKnownFileType = sourcecode.swift; path = Articles.swift; sourceTree = "<group>"; };
		54895D802D8EA3CB00799441 /* ArticleResponse.swift */ = {isa = PBXFileReference; lastKnownFileType = sourcecode.swift; path = ArticleResponse.swift; sourceTree = "<group>"; };
		54895D832D8EA5D300799441 /* APIClient.swift */ = {isa = PBXFileReference; lastKnownFileType = sourcecode.swift; path = APIClient.swift; sourceTree = "<group>"; };
		54895D852D8EA5E600799441 /* EndPoints.swift */ = {isa = PBXFileReference; lastKnownFileType = sourcecode.swift; path = EndPoints.swift; sourceTree = "<group>"; };
		54895D872D8EA60A00799441 /* NewsAPIService.swift */ = {isa = PBXFileReference; lastKnownFileType = sourcecode.swift; path = NewsAPIService.swift; sourceTree = "<group>"; };
		54895D8A2D8EA64E00799441 /* ImageLoader.swift */ = {isa = PBXFileReference; lastKnownFileType = sourcecode.swift; path = ImageLoader.swift; sourceTree = "<group>"; };
		54895D8D2D8EA67F00799441 /* NewsListView.swift */ = {isa = PBXFileReference; lastKnownFileType = sourcecode.swift; path = NewsListView.swift; sourceTree = "<group>"; };
		54895D902D8EA6BA00799441 /* NewsListViewModel.swift */ = {isa = PBXFileReference; lastKnownFileType = sourcecode.swift; path = NewsListViewModel.swift; sourceTree = "<group>"; };
		54895D922D8EA6D900799441 /* NewsCell.swift */ = {isa = PBXFileReference; lastKnownFileType = sourcecode.swift; path = NewsCell.swift; sourceTree = "<group>"; };
		54895D942D8EA6F200799441 /* ArticleDetailView.swift */ = {isa = PBXFileReference; lastKnownFileType = sourcecode.swift; path = ArticleDetailView.swift; sourceTree = "<group>"; };
		54895D962D8EA70D00799441 /* ArticleDetailViewModel.swift */ = {isa = PBXFileReference; lastKnownFileType = sourcecode.swift; path = ArticleDetailViewModel.swift; sourceTree = "<group>"; };
/* End PBXFileReference section */

/* Begin PBXFrameworksBuildPhase section */
		54895D4D2D8EA00000799441 /* Frameworks */ = {
			isa = PBXFrameworksBuildPhase;
			buildActionMask = 2147483647;
			files = (
			);
			runOnlyForDeploymentPostprocessing = 0;
		};
		54895D5D2D8EA00200799441 /* Frameworks */ = {
			isa = PBXFrameworksBuildPhase;
			buildActionMask = 2147483647;
			files = (
			);
			runOnlyForDeploymentPostprocessing = 0;
		};
		54895D672D8EA00200799441 /* Frameworks */ = {
			isa = PBXFrameworksBuildPhase;
			buildActionMask = 2147483647;
			files = (
			);
			runOnlyForDeploymentPostprocessing = 0;
		};
/* End PBXFrameworksBuildPhase section */

/* Begin PBXGroup section */
		54895D472D8EA00000799441 = {
			isa = PBXGroup;
			children = (
				54895D522D8EA00000799441 /* NewsApp */,
				54895D632D8EA00200799441 /* NewsAppTests */,
				54895D6D2D8EA00200799441 /* NewsAppUITests */,
				54895D512D8EA00000799441 /* Products */,
			);
			sourceTree = "<group>";
		};
		54895D512D8EA00000799441 /* Products */ = {
			isa = PBXGroup;
			children = (
				54895D502D8EA00000799441 /* NewsApp.app */,
				54895D602D8EA00200799441 /* NewsAppTests.xctest */,
				54895D6A2D8EA00200799441 /* NewsAppUITests.xctest */,
			);
			name = Products;
			sourceTree = "<group>";
		};
		54895D522D8EA00000799441 /* NewsApp */ = {
			isa = PBXGroup;
			children = (
				54895D8F2D8EA69500799441 /* ViewModels */,
				54895D8C2D8EA66E00799441 /* Views */,
				54895D892D8EA63C00799441 /* Utilities */,
				54895D822D8EA5B800799441 /* Service */,
				54895D7D2D8EA39500799441 /* Models */,
				54895D532D8EA00000799441 /* NewsAppApp.swift */,
				54895D552D8EA00000799441 /* ContentView.swift */,
				54895D572D8EA00200799441 /* Assets.xcassets */,
				54895D592D8EA00200799441 /* Preview Content */,
			);
			path = NewsApp;
			sourceTree = "<group>";
		};
		54895D592D8EA00200799441 /* Preview Content */ = {
			isa = PBXGroup;
			children = (
				54895D5A2D8EA00200799441 /* Preview Assets.xcassets */,
			);
			path = "Preview Content";
			sourceTree = "<group>";
		};
		54895D632D8EA00200799441 /* NewsAppTests */ = {
			isa = PBXGroup;
			children = (
				54895D642D8EA00200799441 /* NewsAppTests.swift */,
			);
			path = NewsAppTests;
			sourceTree = "<group>";
		};
		54895D6D2D8EA00200799441 /* NewsAppUITests */ = {
			isa = PBXGroup;
			children = (
				54895D6E2D8EA00200799441 /* NewsAppUITests.swift */,
				54895D702D8EA00200799441 /* NewsAppUITestsLaunchTests.swift */,
			);
			path = NewsAppUITests;
			sourceTree = "<group>";
		};
		54895D7D2D8EA39500799441 /* Models */ = {
			isa = PBXGroup;
			children = (
				54895D7E2D8EA3AE00799441 /* Articles.swift */,
				54895D802D8EA3CB00799441 /* ArticleResponse.swift */,
				54895D852D8EA5E600799441 /* EndPoints.swift */,
			);
			path = Models;
			sourceTree = "<group>";
		};
		54895D822D8EA5B800799441 /* Service */ = {
			isa = PBXGroup;
			children = (
				54895D832D8EA5D300799441 /* APIClient.swift */,
				54895D872D8EA60A00799441 /* NewsAPIService.swift */,
			);
			path = Service;
			sourceTree = "<group>";
		};
		54895D892D8EA63C00799441 /* Utilities */ = {
			isa = PBXGroup;
			children = (
				54895D8A2D8EA64E00799441 /* ImageLoader.swift */,
			);
			path = Utilities;
			sourceTree = "<group>";
		};
		54895D8C2D8EA66E00799441 /* Views */ = {
			isa = PBXGroup;
			children = (
				54895D8D2D8EA67F00799441 /* NewsListView.swift */,
				54895D922D8EA6D900799441 /* NewsCell.swift */,
				54895D942D8EA6F200799441 /* ArticleDetailView.swift */,
			);
			path = Views;
			sourceTree = "<group>";
		};
		54895D8F2D8EA69500799441 /* ViewModels */ = {
			isa = PBXGroup;
			children = (
				54895D902D8EA6BA00799441 /* NewsListViewModel.swift */,
				54895D962D8EA70D00799441 /* ArticleDetailViewModel.swift */,
			);
			path = ViewModels;
			sourceTree = "<group>";
		};
/* End PBXGroup section */

/* Begin PBXNativeTarget section */
		54895D4F2D8EA00000799441 /* NewsApp */ = {
			isa = PBXNativeTarget;
			buildConfigurationList = 54895D742D8EA00200799441 /* Build configuration list for PBXNativeTarget "NewsApp" */;
			buildPhases = (
				54895D4C2D8EA00000799441 /* Sources */,
				54895D4D2D8EA00000799441 /* Frameworks */,
				54895D4E2D8EA00000799441 /* Resources */,
			);
			buildRules = (
			);
			dependencies = (
			);
			name = NewsApp;
			productName = NewsApp;
			productReference = 54895D502D8EA00000799441 /* NewsApp.app */;
			productType = "com.apple.product-type.application";
		};
		54895D5F2D8EA00200799441 /* NewsAppTests */ = {
			isa = PBXNativeTarget;
			buildConfigurationList = 54895D772D8EA00200799441 /* Build configuration list for PBXNativeTarget "NewsAppTests" */;
			buildPhases = (
				54895D5C2D8EA00200799441 /* Sources */,
				54895D5D2D8EA00200799441 /* Frameworks */,
				54895D5E2D8EA00200799441 /* Resources */,
			);
			buildRules = (
			);
			dependencies = (
				54895D622D8EA00200799441 /* PBXTargetDependency */,
			);
			name = NewsAppTests;
			productName = NewsAppTests;
			productReference = 54895D602D8EA00200799441 /* NewsAppTests.xctest */;
			productType = "com.apple.product-type.bundle.unit-test";
		};
		54895D692D8EA00200799441 /* NewsAppUITests */ = {
			isa = PBXNativeTarget;
			buildConfigurationList = 54895D7A2D8EA00200799441 /* Build configuration list for PBXNativeTarget "NewsAppUITests" */;
			buildPhases = (
				54895D662D8EA00200799441 /* Sources */,
				54895D672D8EA00200799441 /* Frameworks */,
				54895D682D8EA00200799441 /* Resources */,
			);
			buildRules = (
			);
			dependencies = (
				54895D6C2D8EA00200799441 /* PBXTargetDependency */,
			);
			name = NewsAppUITests;
			productName = NewsAppUITests;
			productReference = 54895D6A2D8EA00200799441 /* NewsAppUITests.xctest */;
			productType = "com.apple.product-type.bundle.ui-testing";
		};
/* End PBXNativeTarget section */

/* Begin PBXProject section */
		54895D482D8EA00000799441 /* Project object */ = {
			isa = PBXProject;
			attributes = {
				BuildIndependentTargetsInParallel = 1;
				LastSwiftUpdateCheck = 1520;
				LastUpgradeCheck = 1520;
				TargetAttributes = {
					54895D4F2D8EA00000799441 = {
						CreatedOnToolsVersion = 15.2;
					};
					54895D5F2D8EA00200799441 = {
						CreatedOnToolsVersion = 15.2;
						TestTargetID = 54895D4F2D8EA00000799441;
					};
					54895D692D8EA00200799441 = {
						CreatedOnToolsVersion = 15.2;
						TestTargetID = 54895D4F2D8EA00000799441;
					};
				};
			};
			buildConfigurationList = 54895D4B2D8EA00000799441 /* Build configuration list for PBXProject "NewsApp" */;
			compatibilityVersion = "Xcode 14.0";
			developmentRegion = en;
			hasScannedForEncodings = 0;
			knownRegions = (
				en,
				Base,
			);
			mainGroup = 54895D472D8EA00000799441;
			productRefGroup = 54895D512D8EA00000799441 /* Products */;
			projectDirPath = "";
			projectRoot = "";
			targets = (
				54895D4F2D8EA00000799441 /* NewsApp */,
				54895D5F2D8EA00200799441 /* NewsAppTests */,
				54895D692D8EA00200799441 /* NewsAppUITests */,
			);
		};
/* End PBXProject section */

/* Begin PBXResourcesBuildPhase section */
		54895D4E2D8EA00000799441 /* Resources */ = {
			isa = PBXResourcesBuildPhase;
			buildActionMask = 2147483647;
			files = (
				54895D5B2D8EA00200799441 /* Preview Assets.xcassets in Resources */,
				54895D582D8EA00200799441 /* Assets.xcassets in Resources */,
			);
			runOnlyForDeploymentPostprocessing = 0;
		};
		54895D5E2D8EA00200799441 /* Resources */ = {
			isa = PBXResourcesBuildPhase;
			buildActionMask = 2147483647;
			files = (
			);
			runOnlyForDeploymentPostprocessing = 0;
		};
		54895D682D8EA00200799441 /* Resources */ = {
			isa = PBXResourcesBuildPhase;
			buildActionMask = 2147483647;
			files = (
			);
			runOnlyForDeploymentPostprocessing = 0;
		};
/* End PBXResourcesBuildPhase section */

/* Begin PBXSourcesBuildPhase section */
		54895D4C2D8EA00000799441 /* Sources */ = {
			isa = PBXSourcesBuildPhase;
			buildActionMask = 2147483647;
			files = (
				54895D952D8EA6F200799441 /* ArticleDetailView.swift in Sources */,
				54895D562D8EA00000799441 /* ContentView.swift in Sources */,
				54895D812D8EA3CB00799441 /* ArticleResponse.swift in Sources */,
				54895D7F2D8EA3AE00799441 /* Articles.swift in Sources */,
				54895D842D8EA5D300799441 /* APIClient.swift in Sources */,
				54895D882D8EA60A00799441 /* NewsAPIService.swift in Sources */,
				54895D862D8EA5E600799441 /* EndPoints.swift in Sources */,
				54895D972D8EA70D00799441 /* ArticleDetailViewModel.swift in Sources */,
				54895D8B2D8EA64E00799441 /* ImageLoader.swift in Sources */,
				54895D912D8EA6BA00799441 /* NewsListViewModel.swift in Sources */,
				54895D8E2D8EA67F00799441 /* NewsListView.swift in Sources */,
				54895D542D8EA00000799441 /* NewsAppApp.swift in Sources */,
				54895D932D8EA6D900799441 /* NewsCell.swift in Sources */,
			);
			runOnlyForDeploymentPostprocessing = 0;
		};
		54895D5C2D8EA00200799441 /* Sources */ = {
			isa = PBXSourcesBuildPhase;
			buildActionMask = 2147483647;
			files = (
				54895D652D8EA00200799441 /* NewsAppTests.swift in Sources */,
			);
			runOnlyForDeploymentPostprocessing = 0;
		};
		54895D662D8EA00200799441 /* Sources */ = {
			isa = PBXSourcesBuildPhase;
			buildActionMask = 2147483647;
			files = (
				54895D6F2D8EA00200799441 /* NewsAppUITests.swift in Sources */,
				54895D712D8EA00200799441 /* NewsAppUITestsLaunchTests.swift in Sources */,
			);
			runOnlyForDeploymentPostprocessing = 0;
		};
/* End PBXSourcesBuildPhase section */

/* Begin PBXTargetDependency section */
		54895D622D8EA00200799441 /* PBXTargetDependency */ = {
			isa = PBXTargetDependency;
			target = 54895D4F2D8EA00000799441 /* NewsApp */;
			targetProxy = 54895D612D8EA00200799441 /* PBXContainerItemProxy */;
		};
		54895D6C2D8EA00200799441 /* PBXTargetDependency */ = {
			isa = PBXTargetDependency;
			target = 54895D4F2D8EA00000799441 /* NewsApp */;
			targetProxy = 54895D6B2D8EA00200799441 /* PBXContainerItemProxy */;
		};
/* End PBXTargetDependency section */

/* Begin XCBuildConfiguration section */
		54895D722D8EA00200799441 /* Debug */ = {
			isa = XCBuildConfiguration;
			buildSettings = {
				ALWAYS_SEARCH_USER_PATHS = NO;
				ASSETCATALOG_COMPILER_GENERATE_SWIFT_ASSET_SYMBOL_EXTENSIONS = YES;
				CLANG_ANALYZER_NONNULL = YES;
				CLANG_ANALYZER_NUMBER_OBJECT_CONVERSION = YES_AGGRESSIVE;
				CLANG_CXX_LANGUAGE_STANDARD = "gnu++20";
				CLANG_ENABLE_MODULES = YES;
				CLANG_ENABLE_OBJC_ARC = YES;
				CLANG_ENABLE_OBJC_WEAK = YES;
				CLANG_WARN_BLOCK_CAPTURE_AUTORELEASING = YES;
				CLANG_WARN_BOOL_CONVERSION = YES;
				CLANG_WARN_COMMA = YES;
				CLANG_WARN_CONSTANT_CONVERSION = YES;
				CLANG_WARN_DEPRECATED_OBJC_IMPLEMENTATIONS = YES;
				CLANG_WARN_DIRECT_OBJC_ISA_USAGE = YES_ERROR;
				CLANG_WARN_DOCUMENTATION_COMMENTS = YES;
				CLANG_WARN_EMPTY_BODY = YES;
				CLANG_WARN_ENUM_CONVERSION = YES;
				CLANG_WARN_INFINITE_RECURSION = YES;
				CLANG_WARN_INT_CONVERSION = YES;
				CLANG_WARN_NON_LITERAL_NULL_CONVERSION = YES;
				CLANG_WARN_OBJC_IMPLICIT_RETAIN_SELF = YES;
				CLANG_WARN_OBJC_LITERAL_CONVERSION = YES;
				CLANG_WARN_OBJC_ROOT_CLASS = YES_ERROR;
				CLANG_WARN_QUOTED_INCLUDE_IN_FRAMEWORK_HEADER = YES;
				CLANG_WARN_RANGE_LOOP_ANALYSIS = YES;
				CLANG_WARN_STRICT_PROTOTYPES = YES;
				CLANG_WARN_SUSPICIOUS_MOVE = YES;
				CLANG_WARN_UNGUARDED_AVAILABILITY = YES_AGGRESSIVE;
				CLANG_WARN_UNREACHABLE_CODE = YES;
				CLANG_WARN__DUPLICATE_METHOD_MATCH = YES;
				COPY_PHASE_STRIP = NO;
				DEBUG_INFORMATION_FORMAT = dwarf;
				ENABLE_STRICT_OBJC_MSGSEND = YES;
				ENABLE_TESTABILITY = YES;
				ENABLE_USER_SCRIPT_SANDBOXING = YES;
				GCC_C_LANGUAGE_STANDARD = gnu17;
				GCC_DYNAMIC_NO_PIC = NO;
				GCC_NO_COMMON_BLOCKS = YES;
				GCC_OPTIMIZATION_LEVEL = 0;
				GCC_PREPROCESSOR_DEFINITIONS = (
					"DEBUG=1",
					"$(inherited)",
				);
				GCC_WARN_64_TO_32_BIT_CONVERSION = YES;
				GCC_WARN_ABOUT_RETURN_TYPE = YES_ERROR;
				GCC_WARN_UNDECLARED_SELECTOR = YES;
				GCC_WARN_UNINITIALIZED_AUTOS = YES_AGGRESSIVE;
				GCC_WARN_UNUSED_FUNCTION = YES;
				GCC_WARN_UNUSED_VARIABLE = YES;
				IPHONEOS_DEPLOYMENT_TARGET = 17.2;
				LOCALIZATION_PREFERS_STRING_CATALOGS = YES;
				MTL_ENABLE_DEBUG_INFO = INCLUDE_SOURCE;
				MTL_FAST_MATH = YES;
				ONLY_ACTIVE_ARCH = YES;
				SDKROOT = iphoneos;
				SWIFT_ACTIVE_COMPILATION_CONDITIONS = "DEBUG $(inherited)";
				SWIFT_OPTIMIZATION_LEVEL = "-Onone";
			};
			name = Debug;
		};
		54895D732D8EA00200799441 /* Release */ = {
			isa = XCBuildConfiguration;
			buildSettings = {
				ALWAYS_SEARCH_USER_PATHS = NO;
				ASSETCATALOG_COMPILER_GENERATE_SWIFT_ASSET_SYMBOL_EXTENSIONS = YES;
				CLANG_ANALYZER_NONNULL = YES;
				CLANG_ANALYZER_NUMBER_OBJECT_CONVERSION = YES_AGGRESSIVE;
				CLANG_CXX_LANGUAGE_STANDARD = "gnu++20";
				CLANG_ENABLE_MODULES = YES;
				CLANG_ENABLE_OBJC_ARC = YES;
				CLANG_ENABLE_OBJC_WEAK = YES;
				CLANG_WARN_BLOCK_CAPTURE_AUTORELEASING = YES;
				CLANG_WARN_BOOL_CONVERSION = YES;
				CLANG_WARN_COMMA = YES;
				CLANG_WARN_CONSTANT_CONVERSION = YES;
				CLANG_WARN_DEPRECATED_OBJC_IMPLEMENTATIONS = YES;
				CLANG_WARN_DIRECT_OBJC_ISA_USAGE = YES_ERROR;
				CLANG_WARN_DOCUMENTATION_COMMENTS = YES;
				CLANG_WARN_EMPTY_BODY = YES;
				CLANG_WARN_ENUM_CONVERSION = YES;
				CLANG_WARN_INFINITE_RECURSION = YES;
				CLANG_WARN_INT_CONVERSION = YES;
				CLANG_WARN_NON_LITERAL_NULL_CONVERSION = YES;
				CLANG_WARN_OBJC_IMPLICIT_RETAIN_SELF = YES;
				CLANG_WARN_OBJC_LITERAL_CONVERSION = YES;
				CLANG_WARN_OBJC_ROOT_CLASS = YES_ERROR;
				CLANG_WARN_QUOTED_INCLUDE_IN_FRAMEWORK_HEADER = YES;
				CLANG_WARN_RANGE_LOOP_ANALYSIS = YES;
				CLANG_WARN_STRICT_PROTOTYPES = YES;
				CLANG_WARN_SUSPICIOUS_MOVE = YES;
				CLANG_WARN_UNGUARDED_AVAILABILITY = YES_AGGRESSIVE;
				CLANG_WARN_UNREACHABLE_CODE = YES;
				CLANG_WARN__DUPLICATE_METHOD_MATCH = YES;
				COPY_PHASE_STRIP = NO;
				DEBUG_INFORMATION_FORMAT = "dwarf-with-dsym";
				ENABLE_NS_ASSERTIONS = NO;
				ENABLE_STRICT_OBJC_MSGSEND = YES;
				ENABLE_USER_SCRIPT_SANDBOXING = YES;
				GCC_C_LANGUAGE_STANDARD = gnu17;
				GCC_NO_COMMON_BLOCKS = YES;
				GCC_WARN_64_TO_32_BIT_CONVERSION = YES;
				GCC_WARN_ABOUT_RETURN_TYPE = YES_ERROR;
				GCC_WARN_UNDECLARED_SELECTOR = YES;
				GCC_WARN_UNINITIALIZED_AUTOS = YES_AGGRESSIVE;
				GCC_WARN_UNUSED_FUNCTION = YES;
				GCC_WARN_UNUSED_VARIABLE = YES;
				IPHONEOS_DEPLOYMENT_TARGET = 17.2;
				LOCALIZATION_PREFERS_STRING_CATALOGS = YES;
				MTL_ENABLE_DEBUG_INFO = NO;
				MTL_FAST_MATH = YES;
				SDKROOT = iphoneos;
				SWIFT_COMPILATION_MODE = wholemodule;
				VALIDATE_PRODUCT = YES;
			};
			name = Release;
		};
		54895D752D8EA00200799441 /* Debug */ = {
			isa = XCBuildConfiguration;
			buildSettings = {
				ASSETCATALOG_COMPILER_APPICON_NAME = AppIcon;
				ASSETCATALOG_COMPILER_GLOBAL_ACCENT_COLOR_NAME = AccentColor;
				CODE_SIGN_STYLE = Automatic;
				CURRENT_PROJECT_VERSION = 1;
				DEVELOPMENT_ASSET_PATHS = "\"NewsApp/Preview Content\"";
				DEVELOPMENT_TEAM = FF4VBN6JKA;
				ENABLE_PREVIEWS = YES;
				GENERATE_INFOPLIST_FILE = YES;
				INFOPLIST_KEY_UIApplicationSceneManifest_Generation = YES;
				INFOPLIST_KEY_UIApplicationSupportsIndirectInputEvents = YES;
				INFOPLIST_KEY_UILaunchScreen_Generation = YES;
				INFOPLIST_KEY_UISupportedInterfaceOrientations_iPad = "UIInterfaceOrientationPortrait UIInterfaceOrientationPortraitUpsideDown UIInterfaceOrientationLandscapeLeft UIInterfaceOrientationLandscapeRight";
				INFOPLIST_KEY_UISupportedInterfaceOrientations_iPhone = "UIInterfaceOrientationPortrait UIInterfaceOrientationLandscapeLeft UIInterfaceOrientationLandscapeRight";
				LD_RUNPATH_SEARCH_PATHS = (
					"$(inherited)",
					"@executable_path/Frameworks",
				);
				MARKETING_VERSION = 1.0;
				PRODUCT_BUNDLE_IDENTIFIER = com.sohini.NewsApp;
				PRODUCT_NAME = "$(TARGET_NAME)";
				SWIFT_EMIT_LOC_STRINGS = YES;
				SWIFT_VERSION = 5.0;
				TARGETED_DEVICE_FAMILY = "1,2";
			};
			name = Debug;
		};
		54895D762D8EA00200799441 /* Release */ = {
			isa = XCBuildConfiguration;
			buildSettings = {
				ASSETCATALOG_COMPILER_APPICON_NAME = AppIcon;
				ASSETCATALOG_COMPILER_GLOBAL_ACCENT_COLOR_NAME = AccentColor;
				CODE_SIGN_STYLE = Automatic;
				CURRENT_PROJECT_VERSION = 1;
				DEVELOPMENT_ASSET_PATHS = "\"NewsApp/Preview Content\"";
				DEVELOPMENT_TEAM = FF4VBN6JKA;
				ENABLE_PREVIEWS = YES;
				GENERATE_INFOPLIST_FILE = YES;
				INFOPLIST_KEY_UIApplicationSceneManifest_Generation = YES;
				INFOPLIST_KEY_UIApplicationSupportsIndirectInputEvents = YES;
				INFOPLIST_KEY_UILaunchScreen_Generation = YES;
				INFOPLIST_KEY_UISupportedInterfaceOrientations_iPad = "UIInterfaceOrientationPortrait UIInterfaceOrientationPortraitUpsideDown UIInterfaceOrientationLandscapeLeft UIInterfaceOrientationLandscapeRight";
				INFOPLIST_KEY_UISupportedInterfaceOrientations_iPhone = "UIInterfaceOrientationPortrait UIInterfaceOrientationLandscapeLeft UIInterfaceOrientationLandscapeRight";
				LD_RUNPATH_SEARCH_PATHS = (
					"$(inherited)",
					"@executable_path/Frameworks",
				);
				MARKETING_VERSION = 1.0;
				PRODUCT_BUNDLE_IDENTIFIER = com.sohini.NewsApp;
				PRODUCT_NAME = "$(TARGET_NAME)";
				SWIFT_EMIT_LOC_STRINGS = YES;
				SWIFT_VERSION = 5.0;
				TARGETED_DEVICE_FAMILY = "1,2";
			};
			name = Release;
		};
		54895D782D8EA00200799441 /* Debug */ = {
			isa = XCBuildConfiguration;
			buildSettings = {
				ALWAYS_EMBED_SWIFT_STANDARD_LIBRARIES = YES;
				BUNDLE_LOADER = "$(TEST_HOST)";
				CODE_SIGN_STYLE = Automatic;
				CURRENT_PROJECT_VERSION = 1;
				DEVELOPMENT_TEAM = FF4VBN6JKA;
				GENERATE_INFOPLIST_FILE = YES;
				IPHONEOS_DEPLOYMENT_TARGET = 17.2;
				MARKETING_VERSION = 1.0;
				PRODUCT_BUNDLE_IDENTIFIER = com.sohini.NewsAppTests;
				PRODUCT_NAME = "$(TARGET_NAME)";
				SWIFT_EMIT_LOC_STRINGS = NO;
				SWIFT_VERSION = 5.0;
				TARGETED_DEVICE_FAMILY = "1,2";
				TEST_HOST = "$(BUILT_PRODUCTS_DIR)/NewsApp.app/$(BUNDLE_EXECUTABLE_FOLDER_PATH)/NewsApp";
			};
			name = Debug;
		};
		54895D792D8EA00200799441 /* Release */ = {
			isa = XCBuildConfiguration;
			buildSettings = {
				ALWAYS_EMBED_SWIFT_STANDARD_LIBRARIES = YES;
				BUNDLE_LOADER = "$(TEST_HOST)";
				CODE_SIGN_STYLE = Automatic;
				CURRENT_PROJECT_VERSION = 1;
				DEVELOPMENT_TEAM = FF4VBN6JKA;
				GENERATE_INFOPLIST_FILE = YES;
				IPHONEOS_DEPLOYMENT_TARGET = 17.2;
				MARKETING_VERSION = 1.0;
				PRODUCT_BUNDLE_IDENTIFIER = com.sohini.NewsAppTests;
				PRODUCT_NAME = "$(TARGET_NAME)";
				SWIFT_EMIT_LOC_STRINGS = NO;
				SWIFT_VERSION = 5.0;
				TARGETED_DEVICE_FAMILY = "1,2";
				TEST_HOST = "$(BUILT_PRODUCTS_DIR)/NewsApp.app/$(BUNDLE_EXECUTABLE_FOLDER_PATH)/NewsApp";
			};
			name = Release;
		};
		54895D7B2D8EA00200799441 /* Debug */ = {
			isa = XCBuildConfiguration;
			buildSettings = {
				ALWAYS_EMBED_SWIFT_STANDARD_LIBRARIES = YES;
				CODE_SIGN_STYLE = Automatic;
				CURRENT_PROJECT_VERSION = 1;
				DEVELOPMENT_TEAM = FF4VBN6JKA;
				GENERATE_INFOPLIST_FILE = YES;
				MARKETING_VERSION = 1.0;
				PRODUCT_BUNDLE_IDENTIFIER = com.sohini.NewsAppUITests;
				PRODUCT_NAME = "$(TARGET_NAME)";
				SWIFT_EMIT_LOC_STRINGS = NO;
				SWIFT_VERSION = 5.0;
				TARGETED_DEVICE_FAMILY = "1,2";
				TEST_TARGET_NAME = NewsApp;
			};
			name = Debug;
		};
		54895D7C2D8EA00200799441 /* Release */ = {
			isa = XCBuildConfiguration;
			buildSettings = {
				ALWAYS_EMBED_SWIFT_STANDARD_LIBRARIES = YES;
				CODE_SIGN_STYLE = Automatic;
				CURRENT_PROJECT_VERSION = 1;
				DEVELOPMENT_TEAM = FF4VBN6JKA;
				GENERATE_INFOPLIST_FILE = YES;
				MARKETING_VERSION = 1.0;
				PRODUCT_BUNDLE_IDENTIFIER = com.sohini.NewsAppUITests;
				PRODUCT_NAME = "$(TARGET_NAME)";
				SWIFT_EMIT_LOC_STRINGS = NO;
				SWIFT_VERSION = 5.0;
				TARGETED_DEVICE_FAMILY = "1,2";
				TEST_TARGET_NAME = NewsApp;
			};
			name = Release;
		};
/* End XCBuildConfiguration section */

/* Begin XCConfigurationList section */
		54895D4B2D8EA00000799441 /* Build configuration list for PBXProject "NewsApp" */ = {
			isa = XCConfigurationList;
			buildConfigurations = (
				54895D722D8EA00200799441 /* Debug */,
				54895D732D8EA00200799441 /* Release */,
			);
			defaultConfigurationIsVisible = 0;
			defaultConfigurationName = Release;
		};
		54895D742D8EA00200799441 /* Build configuration list for PBXNativeTarget "NewsApp" */ = {
			isa = XCConfigurationList;
			buildConfigurations = (
				54895D752D8EA00200799441 /* Debug */,
				54895D762D8EA00200799441 /* Release */,
			);
			defaultConfigurationIsVisible = 0;
			defaultConfigurationName = Release;
		};
		54895D772D8EA00200799441 /* Build configuration list for PBXNativeTarget "NewsAppTests" */ = {
			isa = XCConfigurationList;
			buildConfigurations = (
				54895D782D8EA00200799441 /* Debug */,
				54895D792D8EA00200799441 /* Release */,
			);
			defaultConfigurationIsVisible = 0;
			defaultConfigurationName = Release;
		};
		54895D7A2D8EA00200799441 /* Build configuration list for PBXNativeTarget "NewsAppUITests" */ = {
			isa = XCConfigurationList;
			buildConfigurations = (
				54895D7B2D8EA00200799441 /* Debug */,
				54895D7C2D8EA00200799441 /* Release */,
			);
			defaultConfigurationIsVisible = 0;
			defaultConfigurationName = Release;
		};
/* End XCConfigurationList section */
	};
	rootObject = 54895D482D8EA00000799441 /* Project object */;
}
